
Microsoft Visual Studio Solution File, Format Version 12.00
# Visual Studio 15
VisualStudioVersion = 15.0.28010.2046
MinimumVisualStudioVersion = 10.0.40219.1
Project("{FAE04EC0-301F-11D3-BF4B-00C04F79EFBC}") = "Programa47", "Programa47\Programa47.csproj", "{4C6120EB-A096-4A9B-911F-B8ECDBAC3ACE}"
EndProject
Global
	GlobalSection(SolutionConfigurationPlatforms) = preSolution
		Debug|Any CPU = Debug|Any CPU
		Release|Any CPU = Release|Any CPU
	EndGlobalSection
	GlobalSection(ProjectConfigurationPlatforms) = postSolution
		{4C6120EB-A096-4A9B-911F-B8ECDBAC3ACE}.Debug|Any CPU.ActiveCfg = Debug|Any CPU
		{4C6120EB-A096-4A9B-911F-B8ECDBAC3ACE}.Debug|Any CPU.Build.0 = Debug|Any CPU
		{4C6120EB-A096-4A9B-911F-B8ECDBAC3ACE}.Release|Any CPU.ActiveCfg = Release|Any CPU
		{4C6120EB-A096-4A9B-911F-B8ECDBAC3ACE}.Release|Any CPU.Build.0 = Release|Any CPU
	EndGlobalSection
	GlobalSection(SolutionProperties) = preSolution
		HideSolutionNode = FALSE
	EndGlobalSection
	GlobalSection(ExtensibilityGlobals) = postSolution
		SolutionGuid = {9B586470-39D3-4177-9CFC-FC479BC39706}
	EndGlobalSection
EndGlobal
